PODS:
  - Flutter (1.0.0)
  - lexactivator (3.0.0):
    - Flutter

DEPENDENCIES:
  - Flutter (from `Flutter`)
  - lexactivator (from `.symlinks/plugins/lexactivator/ios`)

EXTERNAL SOURCES:
  Flutter:
    :path: Flutter
  lexactivator:
    :path: ".symlinks/plugins/lexactivator/ios"

SPEC CHECKSUMS:
  Flutter: e0871f40cf51350855a761d2e70bf5af5b9b5de7
  lexactivator: dad1e1efeadb7494475a72d435ce3ae3453e89a1

PODFILE CHECKSUM: 4305caec6b40dde0ae97be1573c53de1882a07e5

COCOAPODS: 1.16.2
