PODS:
  - FlutterMacOS (1.0.0)
  - lexactivator (3.0.0):
    - FlutterMacOS

DEPENDENCIES:
  - FlutterMacOS (from `Flutter/ephemeral`)
  - lexactivator (from `Flutter/ephemeral/.symlinks/plugins/lexactivator/macos`)

EXTERNAL SOURCES:
  FlutterMacOS:
    :path: Flutter/ephemeral
  lexactivator:
    :path: Flutter/ephemeral/.symlinks/plugins/lexactivator/macos

SPEC CHECKSUMS:
  FlutterMacOS: 8f6f14fa908a6fb3fba0cd85dbd81ec4b251fb24
  lexactivator: b2135b5d0238a8668011b1a9d87cfea4f68320ca

PODFILE CHECKSUM: 7eb978b976557c8c1cd717d8185ec483fd090a82

COCOAPODS: 1.16.2
